{
  "name": "faster-dijkstra",
  "version": "0.0.1",
  "lockfileVersion": 1,
  "requires": true,
  "dependencies": {
    "@turf/clone": {
      "version": "6.0.2",
      "resolved": "https://registry.npmjs.org/@turf/clone/-/clone-6.0.2.tgz",
      "integrity": "sha512-UVpYPnW3wRj3bPncR6Z2PRbowBk+nEdVWgGewPxrKKLfvswtVtG9n/OIyvbU3E3ZOadBVxTH2uAMEMOz4800FA==",
      "requires": {
        "@turf/helpers": "6.x"
      }
    },
    "@turf/helpers": {
      "version": "6.1.4",
      "resolved": "https://registry.npmjs.org/@turf/helpers/-/helpers-6.1.4.tgz",
      "integrity": "sha512-vJvrdOZy1ngC7r3MDA7zIGSoIgyrkWcGnNIEaqn/APmw+bVLF2gAW7HIsdTxd12s5wQMqEpqIQrmrbRRZ0xC7g=="
    },
    "@tyriar/fibonacci-heap": {
      "version": "2.0.9",
      "resolved": "https://registry.npmjs.org/@tyriar/fibonacci-heap/-/fibonacci-heap-2.0.9.tgz",
      "integrity": "sha512-bYuSNomfn4hu2tPiDN+JZtnzCpSpbJ/PNeulmocDy3xN2X5OkJL65zo6rPZp65cPPhLF9vfT/dgE+RtFRCSxOA=="
    }
  }
}
